// !$*UTF8*$!
{
	archiveVersion = 1;
	classes = {
	};
	objectVersion = 46;
	objects = {

/* Begin PBXBuildFile section */
		607E5F821EA1028E00D05213 /* DIYHeader.m in Sources */ = {isa = PBXBuildFile; fileRef = 607E5F811EA1028E00D05213 /* DIYHeader.m */; };
		607E5F881EA46CA900D05213 /* Zample0Controller.m in Sources */ = {isa = PBXBuildFile; fileRef = 607E5F871EA46CA900D05213 /* Zample0Controller.m */; };
		607E5F8B1EA46CBF00D05213 /* Zample1Controller.m in Sources */ = {isa = PBXBuildFile; fileRef = 607E5F8A1EA46CBF00D05213 /* Zample1Controller.m */; };
		607E5FA61EA46DA300D05213 /* MASCompositeConstraint.m in Sources */ = {isa = PBXBuildFile; fileRef = 607E5F8E1EA46DA300D05213 /* MASCompositeConstraint.m */; };
		607E5FA71EA46DA300D05213 /* MASConstraint.m in Sources */ = {isa = PBXBuildFile; fileRef = 607E5F911EA46DA300D05213 /* MASConstraint.m */; };
		607E5FA81EA46DA300D05213 /* MASConstraintMaker.m in Sources */ = {isa = PBXBuildFile; fileRef = 607E5F931EA46DA300D05213 /* MASConstraintMaker.m */; };
		607E5FA91EA46DA300D05213 /* MASLayoutConstraint.m in Sources */ = {isa = PBXBuildFile; fileRef = 607E5F951EA46DA300D05213 /* MASLayoutConstraint.m */; };
		607E5FAA1EA46DA300D05213 /* MASViewAttribute.m in Sources */ = {isa = PBXBuildFile; fileRef = 607E5F991EA46DA300D05213 /* MASViewAttribute.m */; };
		607E5FAB1EA46DA300D05213 /* MASViewConstraint.m in Sources */ = {isa = PBXBuildFile; fileRef = 607E5F9B1EA46DA300D05213 /* MASViewConstraint.m */; };
		607E5FAC1EA46DA300D05213 /* NSArray+MASAdditions.m in Sources */ = {isa = PBXBuildFile; fileRef = 607E5F9D1EA46DA300D05213 /* NSArray+MASAdditions.m */; };
		607E5FAD1EA46DA300D05213 /* NSLayoutConstraint+MASDebugAdditions.m in Sources */ = {isa = PBXBuildFile; fileRef = 607E5FA01EA46DA300D05213 /* NSLayoutConstraint+MASDebugAdditions.m */; };
		607E5FAE1EA46DA300D05213 /* View+MASAdditions.m in Sources */ = {isa = PBXBuildFile; fileRef = 607E5FA21EA46DA300D05213 /* View+MASAdditions.m */; };
		607E5FAF1EA46DA300D05213 /* ViewController+MASAdditions.m in Sources */ = {isa = PBXBuildFile; fileRef = 607E5FA51EA46DA300D05213 /* ViewController+MASAdditions.m */; };
		607E5FB61EA485A600D05213 /* Zam1Cell.m in Sources */ = {isa = PBXBuildFile; fileRef = 607E5FB41EA485A600D05213 /* Zam1Cell.m */; };
		607E5FB71EA485A600D05213 /* Zam1Cell.xib in Resources */ = {isa = PBXBuildFile; fileRef = 607E5FB51EA485A600D05213 /* Zam1Cell.xib */; };
		607E5FBA1EA4883000D05213 /* Z1Header.m in Sources */ = {isa = PBXBuildFile; fileRef = 607E5FB91EA4883000D05213 /* Z1Header.m */; };
		607E5FC51EA4BC0200D05213 /* XTDragInsertCellView.m in Sources */ = {isa = PBXBuildFile; fileRef = 607E5FC41EA4BC0200D05213 /* XTDragInsertCellView.m */; };
		60E239261E9624B1001235F2 /* main.m in Sources */ = {isa = PBXBuildFile; fileRef = 60E239251E9624B1001235F2 /* main.m */; };
		60E239291E9624B1001235F2 /* AppDelegate.m in Sources */ = {isa = PBXBuildFile; fileRef = 60E239281E9624B1001235F2 /* AppDelegate.m */; };
		60E2392C1E9624B1001235F2 /* ViewController.m in Sources */ = {isa = PBXBuildFile; fileRef = 60E2392B1E9624B1001235F2 /* ViewController.m */; };
		60E2392F1E9624B1001235F2 /* Main.storyboard in Resources */ = {isa = PBXBuildFile; fileRef = 60E2392D1E9624B1001235F2 /* Main.storyboard */; };
		60E239311E9624B1001235F2 /* Assets.xcassets in Resources */ = {isa = PBXBuildFile; fileRef = 60E239301E9624B1001235F2 /* Assets.xcassets */; };
		60E239341E9624B1001235F2 /* LaunchScreen.storyboard in Resources */ = {isa = PBXBuildFile; fileRef = 60E239321E9624B1001235F2 /* LaunchScreen.storyboard */; };
		60E2393F1E9624B1001235F2 /* DemoAirCatTests.m in Sources */ = {isa = PBXBuildFile; fileRef = 60E2393E1E9624B1001235F2 /* DemoAirCatTests.m */; };
		60E2394A1E9624B1001235F2 /* DemoAirCatUITests.m in Sources */ = {isa = PBXBuildFile; fileRef = 60E239491E9624B1001235F2 /* DemoAirCatUITests.m */; };
		60E2395B1E962B6B001235F2 /* XTDraggableTable.m in Sources */ = {isa = PBXBuildFile; fileRef = 60E2395A1E962B6B001235F2 /* XTDraggableTable.m */; };
		60E2398C1E972F9A001235F2 /* MJRefreshAutoFooter.m in Sources */ = {isa = PBXBuildFile; fileRef = 60E239621E972F9A001235F2 /* MJRefreshAutoFooter.m */; };
		60E2398D1E972F9A001235F2 /* MJRefreshBackFooter.m in Sources */ = {isa = PBXBuildFile; fileRef = 60E239641E972F9A001235F2 /* MJRefreshBackFooter.m */; };
		60E2398E1E972F9A001235F2 /* MJRefreshComponent.m in Sources */ = {isa = PBXBuildFile; fileRef = 60E239661E972F9A001235F2 /* MJRefreshComponent.m */; };
		60E2398F1E972F9A001235F2 /* MJRefreshFooter.m in Sources */ = {isa = PBXBuildFile; fileRef = 60E239681E972F9A001235F2 /* MJRefreshFooter.m */; };
		60E239901E972F9A001235F2 /* MJRefreshHeader.m in Sources */ = {isa = PBXBuildFile; fileRef = 60E2396A1E972F9A001235F2 /* MJRefreshHeader.m */; };
		60E239911E972F9A001235F2 /* MJRefreshAutoGifFooter.m in Sources */ = {isa = PBXBuildFile; fileRef = 60E2396F1E972F9A001235F2 /* MJRefreshAutoGifFooter.m */; };
		60E239921E972F9A001235F2 /* MJRefreshAutoNormalFooter.m in Sources */ = {isa = PBXBuildFile; fileRef = 60E239711E972F9A001235F2 /* MJRefreshAutoNormalFooter.m */; };
		60E239931E972F9A001235F2 /* MJRefreshAutoStateFooter.m in Sources */ = {isa = PBXBuildFile; fileRef = 60E239731E972F9A001235F2 /* MJRefreshAutoStateFooter.m */; };
		60E239941E972F9A001235F2 /* MJRefreshBackGifFooter.m in Sources */ = {isa = PBXBuildFile; fileRef = 60E239761E972F9A001235F2 /* MJRefreshBackGifFooter.m */; };
		60E239951E972F9A001235F2 /* MJRefreshBackNormalFooter.m in Sources */ = {isa = PBXBuildFile; fileRef = 60E239781E972F9A001235F2 /* MJRefreshBackNormalFooter.m */; };
		60E239961E972F9A001235F2 /* MJRefreshBackStateFooter.m in Sources */ = {isa = PBXBuildFile; fileRef = 60E2397A1E972F9A001235F2 /* MJRefreshBackStateFooter.m */; };
		60E239971E972F9A001235F2 /* MJRefreshGifHeader.m in Sources */ = {isa = PBXBuildFile; fileRef = 60E2397D1E972F9A001235F2 /* MJRefreshGifHeader.m */; };
		60E239981E972F9A001235F2 /* MJRefreshNormalHeader.m in Sources */ = {isa = PBXBuildFile; fileRef = 60E2397F1E972F9A001235F2 /* MJRefreshNormalHeader.m */; };
		60E239991E972F9A001235F2 /* MJRefreshStateHeader.m in Sources */ = {isa = PBXBuildFile; fileRef = 60E239811E972F9A001235F2 /* MJRefreshStateHeader.m */; };
		60E2399A1E972F9A001235F2 /* MJRefresh.bundle in Resources */ = {isa = PBXBuildFile; fileRef = 60E239821E972F9A001235F2 /* MJRefresh.bundle */; };
		60E2399B1E972F9A001235F2 /* MJRefreshConst.m in Sources */ = {isa = PBXBuildFile; fileRef = 60E239851E972F9A001235F2 /* MJRefreshConst.m */; };
		60E2399C1E972F9A001235F2 /* UIScrollView+MJExtension.m in Sources */ = {isa = PBXBuildFile; fileRef = 60E239871E972F9A001235F2 /* UIScrollView+MJExtension.m */; };
		60E2399D1E972F9A001235F2 /* UIScrollView+MJRefresh.m in Sources */ = {isa = PBXBuildFile; fileRef = 60E239891E972F9A001235F2 /* UIScrollView+MJRefresh.m */; };
		60E2399E1E972F9A001235F2 /* UIView+MJExtension.m in Sources */ = {isa = PBXBuildFile; fileRef = 60E2398B1E972F9A001235F2 /* UIView+MJExtension.m */; };
/* End PBXBuildFile section */

/* Begin PBXContainerItemProxy section */
		60E2393B1E9624B1001235F2 /* PBXContainerItemProxy */ = {
			isa = PBXContainerItemProxy;
			containerPortal = 60E239191E9624B1001235F2 /* Project object */;
			proxyType = 1;
			remoteGlobalIDString = 60E239201E9624B1001235F2;
			remoteInfo = DemoAirCat;
		};
		60E239461E9624B1001235F2 /* PBXContainerItemProxy */ = {
			isa = PBXContainerItemProxy;
			containerPortal = 60E239191E9624B1001235F2 /* Project object */;
			proxyType = 1;
			remoteGlobalIDString = 60E239201E9624B1001235F2;
			remoteInfo = DemoAirCat;
		};
/* End PBXContainerItemProxy section */

/* Begin PBXFileReference section */
		607E5F801EA1028E00D05213 /* DIYHeader.h */ = {isa = PBXFileReference; fileEncoding = 4; lastKnownFileType = sourcecode.c.h; name = DIYHeader.h; path = DIYHeader/DIYHeader.h; sourceTree = "<group>"; };
		607E5F811EA1028E00D05213 /* DIYHeader.m */ = {isa = PBXFileReference; fileEncoding = 4; lastKnownFileType = sourcecode.c.objc; name = DIYHeader.m; path = DIYHeader/DIYHeader.m; sourceTree = "<group>"; };
		607E5F861EA46CA900D05213 /* Zample0Controller.h */ = {isa = PBXFileReference; fileEncoding = 4; lastKnownFileType = sourcecode.c.h; path = Zample0Controller.h; sourceTree = "<group>"; };
		607E5F871EA46CA900D05213 /* Zample0Controller.m */ = {isa = PBXFileReference; fileEncoding = 4; lastKnownFileType = sourcecode.c.objc; path = Zample0Controller.m; sourceTree = "<group>"; };
		607E5F891EA46CBF00D05213 /* Zample1Controller.h */ = {isa = PBXFileReference; fileEncoding = 4; lastKnownFileType = sourcecode.c.h; path = Zample1Controller.h; sourceTree = "<group>"; };
		607E5F8A1EA46CBF00D05213 /* Zample1Controller.m */ = {isa = PBXFileReference; fileEncoding = 4; lastKnownFileType = sourcecode.c.objc; path = Zample1Controller.m; sourceTree = "<group>"; };
		607E5F8D1EA46DA300D05213 /* MASCompositeConstraint.h */ = {isa = PBXFileReference; fileEncoding = 4; lastKnownFileType = sourcecode.c.h; path = MASCompositeConstraint.h; sourceTree = "<group>"; };
		607E5F8E1EA46DA300D05213 /* MASCompositeConstraint.m */ = {isa = PBXFileReference; fileEncoding = 4; lastKnownFileType = sourcecode.c.objc; path = MASCompositeConstraint.m; sourceTree = "<group>"; };
		607E5F8F1EA46DA300D05213 /* MASConstraint+Private.h */ = {isa = PBXFileReference; fileEncoding = 4; lastKnownFileType = sourcecode.c.h; path = "MASConstraint+Private.h"; sourceTree = "<group>"; };
		607E5F901EA46DA300D05213 /* MASConstraint.h */ = {isa = PBXFileReference; fileEncoding = 4; lastKnownFileType = sourcecode.c.h; path = MASConstraint.h; sourceTree = "<group>"; };
		607E5F911EA46DA300D05213 /* MASConstraint.m */ = {isa = PBXFileReference; fileEncoding = 4; lastKnownFileType = sourcecode.c.objc; path = MASConstraint.m; sourceTree = "<group>"; };
		607E5F921EA46DA300D05213 /* MASConstraintMaker.h */ = {isa = PBXFileReference; fileEncoding = 4; lastKnownFileType = sourcecode.c.h; path = MASConstraintMaker.h; sourceTree = "<group>"; };
		607E5F931EA46DA300D05213 /* MASConstraintMaker.m */ = {isa = PBXFileReference; fileEncoding = 4; lastKnownFileType = sourcecode.c.objc; path = MASConstraintMaker.m; sourceTree = "<group>"; };
		607E5F941EA46DA300D05213 /* MASLayoutConstraint.h */ = {isa = PBXFileReference; fileEncoding = 4; lastKnownFileType = sourcecode.c.h; path = MASLayoutConstraint.h; sourceTree = "<group>"; };
		607E5F951EA46DA300D05213 /* MASLayoutConstraint.m */ = {isa = PBXFileReference; fileEncoding = 4; lastKnownFileType = sourcecode.c.objc; path = MASLayoutConstraint.m; sourceTree = "<group>"; };
		607E5F961EA46DA300D05213 /* Masonry.h */ = {isa = PBXFileReference; fileEncoding = 4; lastKnownFileType = sourcecode.c.h; path = Masonry.h; sourceTree = "<group>"; };
		607E5F971EA46DA300D05213 /* MASUtilities.h */ = {isa = PBXFileReference; fileEncoding = 4; lastKnownFileType = sourcecode.c.h; path = MASUtilities.h; sourceTree = "<group>"; };
		607E5F981EA46DA300D05213 /* MASViewAttribute.h */ = {isa = PBXFileReference; fileEncoding = 4; lastKnownFileType = sourcecode.c.h; path = MASViewAttribute.h; sourceTree = "<group>"; };
		607E5F991EA46DA300D05213 /* MASViewAttribute.m */ = {isa = PBXFileReference; fileEncoding = 4; lastKnownFileType = sourcecode.c.objc; path = MASViewAttribute.m; sourceTree = "<group>"; };
		607E5F9A1EA46DA300D05213 /* MASViewConstraint.h */ = {isa = PBXFileReference; fileEncoding = 4; lastKnownFileType = sourcecode.c.h; path = MASViewConstraint.h; sourceTree = "<group>"; };
		607E5F9B1EA46DA300D05213 /* MASViewConstraint.m */ = {isa = PBXFileReference; fileEncoding = 4; lastKnownFileType = sourcecode.c.objc; path = MASViewConstraint.m; sourceTree = "<group>"; };
		607E5F9C1EA46DA300D05213 /* NSArray+MASAdditions.h */ = {isa = PBXFileReference; fileEncoding = 4; lastKnownFileType = sourcecode.c.h; path = "NSArray+MASAdditions.h"; sourceTree = "<group>"; };
		607E5F9D1EA46DA300D05213 /* NSArray+MASAdditions.m */ = {isa = PBXFileReference; fileEncoding = 4; lastKnownFileType = sourcecode.c.objc; path = "NSArray+MASAdditions.m"; sourceTree = "<group>"; };
		607E5F9E1EA46DA300D05213 /* NSArray+MASShorthandAdditions.h */ = {isa = PBXFileReference; fileEncoding = 4; lastKnownFileType = sourcecode.c.h; path = "NSArray+MASShorthandAdditions.h"; sourceTree = "<group>"; };
		607E5F9F1EA46DA300D05213 /* NSLayoutConstraint+MASDebugAdditions.h */ = {isa = PBXFileReference; fileEncoding = 4; lastKnownFileType = sourcecode.c.h; path = "NSLayoutConstraint+MASDebugAdditions.h"; sourceTree = "<group>"; };
		607E5FA01EA46DA300D05213 /* NSLayoutConstraint+MASDebugAdditions.m */ = {isa = PBXFileReference; fileEncoding = 4; lastKnownFileType = sourcecode.c.objc; path = "NSLayoutConstraint+MASDebugAdditions.m"; sourceTree = "<group>"; };
		607E5FA11EA46DA300D05213 /* View+MASAdditions.h */ = {isa = PBXFileReference; fileEncoding = 4; lastKnownFileType = sourcecode.c.h; path = "View+MASAdditions.h"; sourceTree = "<group>"; };
		607E5FA21EA46DA300D05213 /* View+MASAdditions.m */ = {isa = PBXFileReference; fileEncoding = 4; lastKnownFileType = sourcecode.c.objc; path = "View+MASAdditions.m"; sourceTree = "<group>"; };
		607E5FA31EA46DA300D05213 /* View+MASShorthandAdditions.h */ = {isa = PBXFileReference; fileEncoding = 4; lastKnownFileType = sourcecode.c.h; path = "View+MASShorthandAdditions.h"; sourceTree = "<group>"; };
		607E5FA41EA46DA300D05213 /* ViewController+MASAdditions.h */ = {isa = PBXFileReference; fileEncoding = 4; lastKnownFileType = sourcecode.c.h; path = "ViewController+MASAdditions.h"; sourceTree = "<group>"; };
		607E5FA51EA46DA300D05213 /* ViewController+MASAdditions.m */ = {isa = PBXFileReference; fileEncoding = 4; lastKnownFileType = sourcecode.c.objc; path = "ViewController+MASAdditions.m"; sourceTree = "<group>"; };
		607E5FB31EA485A600D05213 /* Zam1Cell.h */ = {isa = PBXFileReference; fileEncoding = 4; lastKnownFileType = sourcecode.c.h; path = Zam1Cell.h; sourceTree = "<group>"; };
		607E5FB41EA485A600D05213 /* Zam1Cell.m */ = {isa = PBXFileReference; fileEncoding = 4; lastKnownFileType = sourcecode.c.objc; path = Zam1Cell.m; sourceTree = "<group>"; };
		607E5FB51EA485A600D05213 /* Zam1Cell.xib */ = {isa = PBXFileReference; fileEncoding = 4; lastKnownFileType = file.xib; path = Zam1Cell.xib; sourceTree = "<group>"; };
		607E5FB81EA4883000D05213 /* Z1Header.h */ = {isa = PBXFileReference; fileEncoding = 4; lastKnownFileType = sourcecode.c.h; path = Z1Header.h; sourceTree = "<group>"; };
		607E5FB91EA4883000D05213 /* Z1Header.m */ = {isa = PBXFileReference; fileEncoding = 4; lastKnownFileType = sourcecode.c.objc; path = Z1Header.m; sourceTree = "<group>"; };
		607E5FC31EA4BC0200D05213 /* XTDragInsertCellView.h */ = {isa = PBXFileReference; fileEncoding = 4; lastKnownFileType = sourcecode.c.h; name = XTDragInsertCellView.h; path = XTDraggableTable/XTDragInsertCellView.h; sourceTree = "<group>"; };
		607E5FC41EA4BC0200D05213 /* XTDragInsertCellView.m */ = {isa = PBXFileReference; fileEncoding = 4; lastKnownFileType = sourcecode.c.objc; name = XTDragInsertCellView.m; path = XTDraggableTable/XTDragInsertCellView.m; sourceTree = "<group>"; };
		60E239211E9624B1001235F2 /* DemoAirCat.app */ = {isa = PBXFileReference; explicitFileType = wrapper.application; includeInIndex = 0; path = DemoAirCat.app; sourceTree = BUILT_PRODUCTS_DIR; };
		60E239251E9624B1001235F2 /* main.m */ = {isa = PBXFileReference; lastKnownFileType = sourcecode.c.objc; path = main.m; sourceTree = "<group>"; };
		60E239271E9624B1001235F2 /* AppDelegate.h */ = {isa = PBXFileReference; lastKnownFileType = sourcecode.c.h; path = AppDelegate.h; sourceTree = "<group>"; };
		60E239281E9624B1001235F2 /* AppDelegate.m */ = {isa = PBXFileReference; lastKnownFileType = sourcecode.c.objc; path = AppDelegate.m; sourceTree = "<group>"; };
		60E2392A1E9624B1001235F2 /* ViewController.h */ = {isa = PBXFileReference; lastKnownFileType = sourcecode.c.h; path = ViewController.h; sourceTree = "<group>"; };
		60E2392B1E9624B1001235F2 /* ViewController.m */ = {isa = PBXFileReference; lastKnownFileType = sourcecode.c.objc; path = ViewController.m; sourceTree = "<group>"; };
		60E2392E1E9624B1001235F2 /* Base */ = {isa = PBXFileReference; lastKnownFileType = file.storyboard; name = Base; path = Base.lproj/Main.storyboard; sourceTree = "<group>"; };
		60E239301E9624B1001235F2 /* Assets.xcassets */ = {isa = PBXFileReference; lastKnownFileType = folder.assetcatalog; path = Assets.xcassets; sourceTree = "<group>"; };
		60E239331E9624B1001235F2 /* Base */ = {isa = PBXFileReference; lastKnownFileType = file.storyboard; name = Base; path = Base.lproj/LaunchScreen.storyboard; sourceTree = "<group>"; };
		60E239351E9624B1001235F2 /* Info.plist */ = {isa = PBXFileReference; lastKnownFileType = text.plist.xml; path = Info.plist; sourceTree = "<group>"; };
		60E2393A1E9624B1001235F2 /* DemoAirCatTests.xctest */ = {isa = PBXFileReference; explicitFileType = wrapper.cfbundle; includeInIndex = 0; path = DemoAirCatTests.xctest; sourceTree = BUILT_PRODUCTS_DIR; };
		60E2393E1E9624B1001235F2 /* DemoAirCatTests.m */ = {isa = PBXFileReference; lastKnownFileType = sourcecode.c.objc; path = DemoAirCatTests.m; sourceTree = "<group>"; };
		60E239401E9624B1001235F2 /* Info.plist */ = {isa = PBXFileReference; lastKnownFileType = text.plist.xml; path = Info.plist; sourceTree = "<group>"; };
		60E239451E9624B1001235F2 /* DemoAirCatUITests.xctest */ = {isa = PBXFileReference; explicitFileType = wrapper.cfbundle; includeInIndex = 0; path = DemoAirCatUITests.xctest; sourceTree = BUILT_PRODUCTS_DIR; };
		60E239491E9624B1001235F2 /* DemoAirCatUITests.m */ = {isa = PBXFileReference; lastKnownFileType = sourcecode.c.objc; path = DemoAirCatUITests.m; sourceTree = "<group>"; };
		60E2394B1E9624B1001235F2 /* Info.plist */ = {isa = PBXFileReference; lastKnownFileType = text.plist.xml; path = Info.plist; sourceTree = "<group>"; };
		60E239591E962B6B001235F2 /* XTDraggableTable.h */ = {isa = PBXFileReference; fileEncoding = 4; lastKnownFileType = sourcecode.c.h; path = XTDraggableTable.h; sourceTree = "<group>"; };
		60E2395A1E962B6B001235F2 /* XTDraggableTable.m */ = {isa = PBXFileReference; fileEncoding = 4; lastKnownFileType = sourcecode.c.objc; path = XTDraggableTable.m; sourceTree = "<group>"; };
		60E239611E972F9A001235F2 /* MJRefreshAutoFooter.h */ = {isa = PBXFileReference; fileEncoding = 4; lastKnownFileType = sourcecode.c.h; path = MJRefreshAutoFooter.h; sourceTree = "<group>"; };
		60E239621E972F9A001235F2 /* MJRefreshAutoFooter.m */ = {isa = PBXFileReference; fileEncoding = 4; lastKnownFileType = sourcecode.c.objc; path = MJRefreshAutoFooter.m; sourceTree = "<group>"; };
		60E239631E972F9A001235F2 /* MJRefreshBackFooter.h */ = {isa = PBXFileReference; fileEncoding = 4; lastKnownFileType = sourcecode.c.h; path = MJRefreshBackFooter.h; sourceTree = "<group>"; };
		60E239641E972F9A001235F2 /* MJRefreshBackFooter.m */ = {isa = PBXFileReference; fileEncoding = 4; lastKnownFileType = sourcecode.c.objc; path = MJRefreshBackFooter.m; sourceTree = "<group>"; };
		60E239651E972F9A001235F2 /* MJRefreshComponent.h */ = {isa = PBXFileReference; fileEncoding = 4; lastKnownFileType = sourcecode.c.h; path = MJRefreshComponent.h; sourceTree = "<group>"; };
		60E239661E972F9A001235F2 /* MJRefreshComponent.m */ = {isa = PBXFileReference; fileEncoding = 4; lastKnownFileType = sourcecode.c.objc; path = MJRefreshComponent.m; sourceTree = "<group>"; };
		60E239671E972F9A001235F2 /* MJRefreshFooter.h */ = {isa = PBXFileReference; fileEncoding = 4; lastKnownFileType = sourcecode.c.h; path = MJRefreshFooter.h; sourceTree = "<group>"; };
		60E239681E972F9A001235F2 /* MJRefreshFooter.m */ = {isa = PBXFileReference; fileEncoding = 4; lastKnownFileType = sourcecode.c.objc; path = MJRefreshFooter.m; sourceTree = "<group>"; };
		60E239691E972F9A001235F2 /* MJRefreshHeader.h */ = {isa = PBXFileReference; fileEncoding = 4; lastKnownFileType = sourcecode.c.h; path = MJRefreshHeader.h; sourceTree = "<group>"; };
		60E2396A1E972F9A001235F2 /* MJRefreshHeader.m */ = {isa = PBXFileReference; fileEncoding = 4; lastKnownFileType = sourcecode.c.objc; path = MJRefreshHeader.m; sourceTree = "<group>"; };
		60E2396E1E972F9A001235F2 /* MJRefreshAutoGifFooter.h */ = {isa = PBXFileReference; fileEncoding = 4; lastKnownFileType = sourcecode.c.h; path = MJRefreshAutoGifFooter.h; sourceTree = "<group>"; };
		60E2396F1E972F9A001235F2 /* MJRefreshAutoGifFooter.m */ = {isa = PBXFileReference; fileEncoding = 4; lastKnownFileType = sourcecode.c.objc; path = MJRefreshAutoGifFooter.m; sourceTree = "<group>"; };
		60E239701E972F9A001235F2 /* MJRefreshAutoNormalFooter.h */ = {isa = PBXFileReference; fileEncoding = 4; lastKnownFileType = sourcecode.c.h; path = MJRefreshAutoNormalFooter.h; sourceTree = "<group>"; };
		60E239711E972F9A001235F2 /* MJRefreshAutoNormalFooter.m */ = {isa = PBXFileReference; fileEncoding = 4; lastKnownFileType = sourcecode.c.objc; path = MJRefreshAutoNormalFooter.m; sourceTree = "<group>"; };
		60E239721E972F9A001235F2 /* MJRefreshAutoStateFooter.h */ = {isa = PBXFileReference; fileEncoding = 4; lastKnownFileType = sourcecode.c.h; path = MJRefreshAutoStateFooter.h; sourceTree = "<group>"; };
		60E239731E972F9A001235F2 /* MJRefreshAutoStateFooter.m */ = {isa = PBXFileReference; fileEncoding = 4; lastKnownFileType = sourcecode.c.objc; path = MJRefreshAutoStateFooter.m; sourceTree = "<group>"; };
		60E239751E972F9A001235F2 /* MJRefreshBackGifFooter.h */ = {isa = PBXFileReference; fileEncoding = 4; lastKnownFileType = sourcecode.c.h; path = MJRefreshBackGifFooter.h; sourceTree = "<group>"; };
		60E239761E972F9A001235F2 /* MJRefreshBackGifFooter.m */ = {isa = PBXFileReference; fileEncoding = 4; lastKnownFileType = sourcecode.c.objc; path = MJRefreshBackGifFooter.m; sourceTree = "<group>"; };
		60E239771E972F9A001235F2 /* MJRefreshBackNormalFooter.h */ = {isa = PBXFileReference; fileEncoding = 4; lastKnownFileType = sourcecode.c.h; path = MJRefreshBackNormalFooter.h; sourceTree = "<group>"; };
		60E239781E972F9A001235F2 /* MJRefreshBackNormalFooter.m */ = {isa = PBXFileReference; fileEncoding = 4; lastKnownFileType = sourcecode.c.objc; path = MJRefreshBackNormalFooter.m; sourceTree = "<group>"; };
		60E239791E972F9A001235F2 /* MJRefreshBackStateFooter.h */ = {isa = PBXFileReference; fileEncoding = 4; lastKnownFileType = sourcecode.c.h; path = MJRefreshBackStateFooter.h; sourceTree = "<group>"; };
		60E2397A1E972F9A001235F2 /* MJRefreshBackStateFooter.m */ = {isa = PBXFileReference; fileEncoding = 4; lastKnownFileType = sourcecode.c.objc; path = MJRefreshBackStateFooter.m; sourceTree = "<group>"; };
		60E2397C1E972F9A001235F2 /* MJRefreshGifHeader.h */ = {isa = PBXFileReference; fileEncoding = 4; lastKnownFileType = sourcecode.c.h; path = MJRefreshGifHeader.h; sourceTree = "<group>"; };
		60E2397D1E972F9A001235F2 /* MJRefreshGifHeader.m */ = {isa = PBXFileReference; fileEncoding = 4; lastKnownFileType = sourcecode.c.objc; path = MJRefreshGifHeader.m; sourceTree = "<group>"; };
		60E2397E1E972F9A001235F2 /* MJRefreshNormalHeader.h */ = {isa = PBXFileReference; fileEncoding = 4; lastKnownFileType = sourcecode.c.h; path = MJRefreshNormalHeader.h; sourceTree = "<group>"; };
		60E2397F1E972F9A001235F2 /* MJRefreshNormalHeader.m */ = {isa = PBXFileReference; fileEncoding = 4; lastKnownFileType = sourcecode.c.objc; path = MJRefreshNormalHeader.m; sourceTree = "<group>"; };
		60E239801E972F9A001235F2 /* MJRefreshStateHeader.h */ = {isa = PBXFileReference; fileEncoding = 4; lastKnownFileType = sourcecode.c.h; path = MJRefreshStateHeader.h; sourceTree = "<group>"; };
		60E239811E972F9A001235F2 /* MJRefreshStateHeader.m */ = {isa = PBXFileReference; fileEncoding = 4; lastKnownFileType = sourcecode.c.objc; path = MJRefreshStateHeader.m; sourceTree = "<group>"; };
		60E239821E972F9A001235F2 /* MJRefresh.bundle */ = {isa = PBXFileReference; lastKnownFileType = "wrapper.plug-in"; path = MJRefresh.bundle; sourceTree = "<group>"; };
		60E239831E972F9A001235F2 /* MJRefresh.h */ = {isa = PBXFileReference; fileEncoding = 4; lastKnownFileType = sourcecode.c.h; path = MJRefresh.h; sourceTree = "<group>"; };
		60E239841E972F9A001235F2 /* MJRefreshConst.h */ = {isa = PBXFileReference; fileEncoding = 4; lastKnownFileType = sourcecode.c.h; path = MJRefreshConst.h; sourceTree = "<group>"; };
		60E239851E972F9A001235F2 /* MJRefreshConst.m */ = {isa = PBXFileReference; fileEncoding = 4; lastKnownFileType = sourcecode.c.objc; path = MJRefreshConst.m; sourceTree = "<group>"; };
		60E239861E972F9A001235F2 /* UIScrollView+MJExtension.h */ = {isa = PBXFileReference; fileEncoding = 4; lastKnownFileType = sourcecode.c.h; path = "UIScrollView+MJExtension.h"; sourceTree = "<group>"; };
		60E239871E972F9A001235F2 /* UIScrollView+MJExtension.m */ = {isa = PBXFileReference; fileEncoding = 4; lastKnownFileType = sourcecode.c.objc; path = "UIScrollView+MJExtension.m"; sourceTree = "<group>"; };
		60E239881E972F9A001235F2 /* UIScrollView+MJRefresh.h */ = {isa = PBXFileReference; fileEncoding = 4; lastKnownFileType = sourcecode.c.h; path = "UIScrollView+MJRefresh.h"; sourceTree = "<group>"; };
		60E239891E972F9A001235F2 /* UIScrollView+MJRefresh.m */ = {isa = PBXFileReference; fileEncoding = 4; lastKnownFileType = sourcecode.c.objc; path = "UIScrollView+MJRefresh.m"; sourceTree = "<group>"; };
		60E2398A1E972F9A001235F2 /* UIView+MJExtension.h */ = {isa = PBXFileReference; fileEncoding = 4; lastKnownFileType = sourcecode.c.h; path = "UIView+MJExtension.h"; sourceTree = "<group>"; };
		60E2398B1E972F9A001235F2 /* UIView+MJExtension.m */ = {isa = PBXFileReference; fileEncoding = 4; lastKnownFileType = sourcecode.c.objc; path = "UIView+MJExtension.m"; sourceTree = "<group>"; };
/* End PBXFileReference section */

/* Begin PBXFrameworksBuildPhase section */
		60E2391E1E9624B1001235F2 /* Frameworks */ = {
			isa = PBXFrameworksBuildPhase;
			buildActionMask = 2147483647;
			files = (
			);
			runOnlyForDeploymentPostprocessing = 0;
		};
		60E239371E9624B1001235F2 /* Frameworks */ = {
			isa = PBXFrameworksBuildPhase;
			buildActionMask = 2147483647;
			files = (
			);
			runOnlyForDeploymentPostprocessing = 0;
		};
		60E239421E9624B1001235F2 /* Frameworks */ = {
			isa = PBXFrameworksBuildPhase;
			buildActionMask = 2147483647;
			files = (
			);
			runOnlyForDeploymentPostprocessing = 0;
		};
/* End PBXFrameworksBuildPhase section */

/* Begin PBXGroup section */
		607E5F8C1EA46DA300D05213 /* Masonry */ = {
			isa = PBXGroup;
			children = (
				607E5F8D1EA46DA300D05213 /* MASCompositeConstraint.h */,
				607E5F8E1EA46DA300D05213 /* MASCompositeConstraint.m */,
				607E5F8F1EA46DA300D05213 /* MASConstraint+Private.h */,
				607E5F901EA46DA300D05213 /* MASConstraint.h */,
				607E5F911EA46DA300D05213 /* MASConstraint.m */,
				607E5F921EA46DA300D05213 /* MASConstraintMaker.h */,
				607E5F931EA46DA300D05213 /* MASConstraintMaker.m */,
				607E5F941EA46DA300D05213 /* MASLayoutConstraint.h */,
				607E5F951EA46DA300D05213 /* MASLayoutConstraint.m */,
				607E5F961EA46DA300D05213 /* Masonry.h */,
				607E5F971EA46DA300D05213 /* MASUtilities.h */,
				607E5F981EA46DA300D05213 /* MASViewAttribute.h */,
				607E5F991EA46DA300D05213 /* MASViewAttribute.m */,
				607E5F9A1EA46DA300D05213 /* MASViewConstraint.h */,
				607E5F9B1EA46DA300D05213 /* MASViewConstraint.m */,
				607E5F9C1EA46DA300D05213 /* NSArray+MASAdditions.h */,
				607E5F9D1EA46DA300D05213 /* NSArray+MASAdditions.m */,
				607E5F9E1EA46DA300D05213 /* NSArray+MASShorthandAdditions.h */,
				607E5F9F1EA46DA300D05213 /* NSLayoutConstraint+MASDebugAdditions.h */,
				607E5FA01EA46DA300D05213 /* NSLayoutConstraint+MASDebugAdditions.m */,
				607E5FA11EA46DA300D05213 /* View+MASAdditions.h */,
				607E5FA21EA46DA300D05213 /* View+MASAdditions.m */,
				607E5FA31EA46DA300D05213 /* View+MASShorthandAdditions.h */,
				607E5FA41EA46DA300D05213 /* ViewController+MASAdditions.h */,
				607E5FA51EA46DA300D05213 /* ViewController+MASAdditions.m */,
			);
			path = Masonry;
			sourceTree = "<group>";
		};
		607E5FBB1EA48D7300D05213 /* z1 */ = {
			isa = PBXGroup;
			children = (
				607E5F891EA46CBF00D05213 /* Zample1Controller.h */,
				607E5F8A1EA46CBF00D05213 /* Zample1Controller.m */,
				607E5FB31EA485A600D05213 /* Zam1Cell.h */,
				607E5FB41EA485A600D05213 /* Zam1Cell.m */,
				607E5FB51EA485A600D05213 /* Zam1Cell.xib */,
			);
			name = z1;
			sourceTree = "<group>";
		};
		607E5FBD1EA4AB4F00D05213 /* z0 */ = {
			isa = PBXGroup;
			children = (
				607E5F861EA46CA900D05213 /* Zample0Controller.h */,
				607E5F871EA46CA900D05213 /* Zample0Controller.m */,
			);
			name = z0;
			sourceTree = "<group>";
		};
		607E5FBE1EA4AB5A00D05213 /* Vender */ = {
			isa = PBXGroup;
			children = (
				607E5F8C1EA46DA300D05213 /* Masonry */,
				60E2395F1E972F9A001235F2 /* MJRefresh */,
			);
			name = Vender;
			sourceTree = "<group>";
		};
		607E5FBF1EA4B8E000D05213 /* newgroup */ = {
			isa = PBXGroup;
			children = (
				607E5FC31EA4BC0200D05213 /* XTDragInsertCellView.h */,
				607E5FC41EA4BC0200D05213 /* XTDragInsertCellView.m */,
			);
			name = newgroup;
			sourceTree = "<group>";
		};
		60E239181E9624B1001235F2 = {
			isa = PBXGroup;
			children = (
				60E239231E9624B1001235F2 /* DemoAirCat */,
				60E2393D1E9624B1001235F2 /* DemoAirCatTests */,
				60E239481E9624B1001235F2 /* DemoAirCatUITests */,
				60E239221E9624B1001235F2 /* Products */,
			);
			sourceTree = "<group>";
		};
		60E239221E9624B1001235F2 /* Products */ = {
			isa = PBXGroup;
			children = (
				60E239211E9624B1001235F2 /* DemoAirCat.app */,
				60E2393A1E9624B1001235F2 /* DemoAirCatTests.xctest */,
				60E239451E9624B1001235F2 /* DemoAirCatUITests.xctest */,
			);
			name = Products;
			sourceTree = "<group>";
		};
		60E239231E9624B1001235F2 /* DemoAirCat */ = {
			isa = PBXGroup;
			children = (
				607E5FBF1EA4B8E000D05213 /* newgroup */,
				60E239A71E9B1887001235F2 /* DIYheader */,
				60E239581E962B4F001235F2 /* XTDraggableTable */,
				60E239271E9624B1001235F2 /* AppDelegate.h */,
				60E239281E9624B1001235F2 /* AppDelegate.m */,
				60E2392A1E9624B1001235F2 /* ViewController.h */,
				60E2392B1E9624B1001235F2 /* ViewController.m */,
				607E5FBD1EA4AB4F00D05213 /* z0 */,
				607E5FBB1EA48D7300D05213 /* z1 */,
				60E2392D1E9624B1001235F2 /* Main.storyboard */,
				607E5FBE1EA4AB5A00D05213 /* Vender */,
				60E239301E9624B1001235F2 /* Assets.xcassets */,
				60E239321E9624B1001235F2 /* LaunchScreen.storyboard */,
				60E239351E9624B1001235F2 /* Info.plist */,
				60E239241E9624B1001235F2 /* Supporting Files */,
			);
			path = DemoAirCat;
			sourceTree = "<group>";
		};
		60E239241E9624B1001235F2 /* Supporting Files */ = {
			isa = PBXGroup;
			children = (
				60E239251E9624B1001235F2 /* main.m */,
			);
			name = "Supporting Files";
			sourceTree = "<group>";
		};
		60E2393D1E9624B1001235F2 /* DemoAirCatTests */ = {
			isa = PBXGroup;
			children = (
				60E2393E1E9624B1001235F2 /* DemoAirCatTests.m */,
				60E239401E9624B1001235F2 /* Info.plist */,
			);
			path = DemoAirCatTests;
			sourceTree = "<group>";
		};
		60E239481E9624B1001235F2 /* DemoAirCatUITests */ = {
			isa = PBXGroup;
			children = (
				60E239491E9624B1001235F2 /* DemoAirCatUITests.m */,
				60E2394B1E9624B1001235F2 /* Info.plist */,
			);
			path = DemoAirCatUITests;
			sourceTree = "<group>";
		};
		60E239581E962B4F001235F2 /* XTDraggableTable */ = {
			isa = PBXGroup;
			children = (
				60E239591E962B6B001235F2 /* XTDraggableTable.h */,
				60E2395A1E962B6B001235F2 /* XTDraggableTable.m */,
			);
			path = XTDraggableTable;
			sourceTree = "<group>";
		};
		60E2395F1E972F9A001235F2 /* MJRefresh */ = {
			isa = PBXGroup;
			children = (
				60E239601E972F9A001235F2 /* Base */,
				60E2396B1E972F9A001235F2 /* Custom */,
				60E239821E972F9A001235F2 /* MJRefresh.bundle */,
				60E239831E972F9A001235F2 /* MJRefresh.h */,
				60E239841E972F9A001235F2 /* MJRefreshConst.h */,
				60E239851E972F9A001235F2 /* MJRefreshConst.m */,
				60E239861E972F9A001235F2 /* UIScrollView+MJExtension.h */,
				60E239871E972F9A001235F2 /* UIScrollView+MJExtension.m */,
				60E239881E972F9A001235F2 /* UIScrollView+MJRefresh.h */,
				60E239891E972F9A001235F2 /* UIScrollView+MJRefresh.m */,
				60E2398A1E972F9A001235F2 /* UIView+MJExtension.h */,
				60E2398B1E972F9A001235F2 /* UIView+MJExtension.m */,
			);
			path = MJRefresh;
			sourceTree = "<group>";
		};
		60E239601E972F9A001235F2 /* Base */ = {
			isa = PBXGroup;
			children = (
				60E239611E972F9A001235F2 /* MJRefreshAutoFooter.h */,
				60E239621E972F9A001235F2 /* MJRefreshAutoFooter.m */,
				60E239631E972F9A001235F2 /* MJRefreshBackFooter.h */,
				60E239641E972F9A001235F2 /* MJRefreshBackFooter.m */,
				60E239651E972F9A001235F2 /* MJRefreshComponent.h */,
				60E239661E972F9A001235F2 /* MJRefreshComponent.m */,
				60E239671E972F9A001235F2 /* MJRefreshFooter.h */,
				60E239681E972F9A001235F2 /* MJRefreshFooter.m */,
				60E239691E972F9A001235F2 /* MJRefreshHeader.h */,
				60E2396A1E972F9A001235F2 /* MJRefreshHeader.m */,
			);
			path = Base;
			sourceTree = "<group>";
		};
		60E2396B1E972F9A001235F2 /* Custom */ = {
			isa = PBXGroup;
			children = (
				60E2396C1E972F9A001235F2 /* Footer */,
				60E2397B1E972F9A001235F2 /* Header */,
			);
			path = Custom;
			sourceTree = "<group>";
		};
		60E2396C1E972F9A001235F2 /* Footer */ = {
			isa = PBXGroup;
			children = (
				60E2396D1E972F9A001235F2 /* Auto */,
				60E239741E972F9A001235F2 /* Back */,
			);
			path = Footer;
			sourceTree = "<group>";
		};
		60E2396D1E972F9A001235F2 /* Auto */ = {
			isa = PBXGroup;
			children = (
				60E2396E1E972F9A001235F2 /* MJRefreshAutoGifFooter.h */,
				60E2396F1E972F9A001235F2 /* MJRefreshAutoGifFooter.m */,
				60E239701E972F9A001235F2 /* MJRefreshAutoNormalFooter.h */,
				60E239711E972F9A001235F2 /* MJRefreshAutoNormalFooter.m */,
				60E239721E972F9A001235F2 /* MJRefreshAutoStateFooter.h */,
				60E239731E972F9A001235F2 /* MJRefreshAutoStateFooter.m */,
			);
			path = Auto;
			sourceTree = "<group>";
		};
		60E239741E972F9A001235F2 /* Back */ = {
			isa = PBXGroup;
			children = (
				60E239751E972F9A001235F2 /* MJRefreshBackGifFooter.h */,
				60E239761E972F9A001235F2 /* MJRefreshBackGifFooter.m */,
				60E239771E972F9A001235F2 /* MJRefreshBackNormalFooter.h */,
				60E239781E972F9A001235F2 /* MJRefreshBackNormalFooter.m */,
				60E239791E972F9A001235F2 /* MJRefreshBackStateFooter.h */,
				60E2397A1E972F9A001235F2 /* MJRefreshBackStateFooter.m */,
			);
			path = Back;
			sourceTree = "<group>";
		};
		60E2397B1E972F9A001235F2 /* Header */ = {
			isa = PBXGroup;
			children = (
				60E2397C1E972F9A001235F2 /* MJRefreshGifHeader.h */,
				60E2397D1E972F9A001235F2 /* MJRefreshGifHeader.m */,
				60E2397E1E972F9A001235F2 /* MJRefreshNormalHeader.h */,
				60E2397F1E972F9A001235F2 /* MJRefreshNormalHeader.m */,
				60E239801E972F9A001235F2 /* MJRefreshStateHeader.h */,
				60E239811E972F9A001235F2 /* MJRefreshStateHeader.m */,
			);
			path = Header;
			sourceTree = "<group>";
		};
		60E239A71E9B1887001235F2 /* DIYheader */ = {
			isa = PBXGroup;
			children = (
				607E5FB81EA4883000D05213 /* Z1Header.h */,
				607E5FB91EA4883000D05213 /* Z1Header.m */,
				607E5F801EA1028E00D05213 /* DIYHeader.h */,
				607E5F811EA1028E00D05213 /* DIYHeader.m */,
			);
			name = DIYheader;
			sourceTree = "<group>";
		};
/* End PBXGroup section */

/* Begin PBXNativeTarget section */
		60E239201E9624B1001235F2 /* DemoAirCat */ = {
			isa = PBXNativeTarget;
			buildConfigurationList = 60E2394E1E9624B1001235F2 /* Build configuration list for PBXNativeTarget "DemoAirCat" */;
			buildPhases = (
				60E2391D1E9624B1001235F2 /* Sources */,
				60E2391E1E9624B1001235F2 /* Frameworks */,
				60E2391F1E9624B1001235F2 /* Resources */,
			);
			buildRules = (
			);
			dependencies = (
			);
			name = DemoAirCat;
			productName = DemoAirCat;
			productReference = 60E239211E9624B1001235F2 /* DemoAirCat.app */;
			productType = "com.apple.product-type.application";
		};
		60E239391E9624B1001235F2 /* DemoAirCatTests */ = {
			isa = PBXNativeTarget;
			buildConfigurationList = 60E239511E9624B1001235F2 /* Build configuration list for PBXNativeTarget "DemoAirCatTests" */;
			buildPhases = (
				60E239361E9624B1001235F2 /* Sources */,
				60E239371E9624B1001235F2 /* Frameworks */,
				60E239381E9624B1001235F2 /* Resources */,
			);
			buildRules = (
			);
			dependencies = (
				60E2393C1E9624B1001235F2 /* PBXTargetDependency */,
			);
			name = DemoAirCatTests;
			productName = DemoAirCatTests;
			productReference = 60E2393A1E9624B1001235F2 /* DemoAirCatTests.xctest */;
			productType = "com.apple.product-type.bundle.unit-test";
		};
		60E239441E9624B1001235F2 /* DemoAirCatUITests */ = {
			isa = PBXNativeTarget;
			buildConfigurationList = 60E239541E9624B1001235F2 /* Build configuration list for PBXNativeTarget "DemoAirCatUITests" */;
			buildPhases = (
				60E239411E9624B1001235F2 /* Sources */,
				60E239421E9624B1001235F2 /* Frameworks */,
				60E239431E9624B1001235F2 /* Resources */,
			);
			buildRules = (
			);
			dependencies = (
				60E239471E9624B1001235F2 /* PBXTargetDependency */,
			);
			name = DemoAirCatUITests;
			productName = DemoAirCatUITests;
			productReference = 60E239451E9624B1001235F2 /* DemoAirCatUITests.xctest */;
			productType = "com.apple.product-type.bundle.ui-testing";
		};
/* End PBXNativeTarget section */

/* Begin PBXProject section */
		60E239191E9624B1001235F2 /* Project object */ = {
			isa = PBXProject;
			attributes = {
				LastUpgradeCheck = 0820;
				ORGANIZATIONNAME = teason;
				TargetAttributes = {
					60E239201E9624B1001235F2 = {
						CreatedOnToolsVersion = 8.2.1;
						DevelopmentTeam = E3XZ878L8N;
						ProvisioningStyle = Automatic;
					};
					60E239391E9624B1001235F2 = {
						CreatedOnToolsVersion = 8.2.1;
						ProvisioningStyle = Automatic;
						TestTargetID = 60E239201E9624B1001235F2;
					};
					60E239441E9624B1001235F2 = {
						CreatedOnToolsVersion = 8.2.1;
						ProvisioningStyle = Automatic;
						TestTargetID = 60E239201E9624B1001235F2;
					};
				};
			};
			buildConfigurationList = 60E2391C1E9624B1001235F2 /* Build configuration list for PBXProject "DemoAirCat" */;
			compatibilityVersion = "Xcode 3.2";
			developmentRegion = English;
			hasScannedForEncodings = 0;
			knownRegions = (
				en,
				Base,
			);
			mainGroup = 60E239181E9624B1001235F2;
			productRefGroup = 60E239221E9624B1001235F2 /* Products */;
			projectDirPath = "";
			projectRoot = "";
			targets = (
				60E239201E9624B1001235F2 /* DemoAirCat */,
				60E239391E9624B1001235F2 /* DemoAirCatTests */,
				60E239441E9624B1001235F2 /* DemoAirCatUITests */,
			);
		};
/* End PBXProject section */

/* Begin PBXResourcesBuildPhase section */
		60E2391F1E9624B1001235F2 /* Resources */ = {
			isa = PBXResourcesBuildPhase;
			buildActionMask = 2147483647;
			files = (
				60E239341E9624B1001235F2 /* LaunchScreen.storyboard in Resources */,
				60E239311E9624B1001235F2 /* Assets.xcassets in Resources */,
				607E5FB71EA485A600D05213 /* Zam1Cell.xib in Resources */,
				60E2399A1E972F9A001235F2 /* MJRefresh.bundle in Resources */,
				60E2392F1E9624B1001235F2 /* Main.storyboard in Resources */,
			);
			runOnlyForDeploymentPostprocessing = 0;
		};
		60E239381E9624B1001235F2 /* Resources */ = {
			isa = PBXResourcesBuildPhase;
			buildActionMask = 2147483647;
			files = (
			);
			runOnlyForDeploymentPostprocessing = 0;
		};
		60E239431E9624B1001235F2 /* Resources */ = {
			isa = PBXResourcesBuildPhase;
			buildActionMask = 2147483647;
			files = (
			);
			runOnlyForDeploymentPostprocessing = 0;
		};
/* End PBXResourcesBuildPhase section */

/* Begin PBXSourcesBuildPhase section */
		60E2391D1E9624B1001235F2 /* Sources */ = {
			isa = PBXSourcesBuildPhase;
			buildActionMask = 2147483647;
			files = (
				607E5FC51EA4BC0200D05213 /* XTDragInsertCellView.m in Sources */,
				60E239921E972F9A001235F2 /* MJRefreshAutoNormalFooter.m in Sources */,
				60E239951E972F9A001235F2 /* MJRefreshBackNormalFooter.m in Sources */,
				60E2398D1E972F9A001235F2 /* MJRefreshBackFooter.m in Sources */,
				60E2399B1E972F9A001235F2 /* MJRefreshConst.m in Sources */,
				607E5FBA1EA4883000D05213 /* Z1Header.m in Sources */,
				607E5FA61EA46DA300D05213 /* MASCompositeConstraint.m in Sources */,
				607E5FAA1EA46DA300D05213 /* MASViewAttribute.m in Sources */,
				60E2399C1E972F9A001235F2 /* UIScrollView+MJExtension.m in Sources */,
				60E2398F1E972F9A001235F2 /* MJRefreshFooter.m in Sources */,
				60E239971E972F9A001235F2 /* MJRefreshGifHeader.m in Sources */,
				60E2398C1E972F9A001235F2 /* MJRefreshAutoFooter.m in Sources */,
				60E2392C1E9624B1001235F2 /* ViewController.m in Sources */,
				607E5FAF1EA46DA300D05213 /* ViewController+MASAdditions.m in Sources */,
				607E5FAD1EA46DA300D05213 /* NSLayoutConstraint+MASDebugAdditions.m in Sources */,
				60E2399E1E972F9A001235F2 /* UIView+MJExtension.m in Sources */,
				607E5FB61EA485A600D05213 /* Zam1Cell.m in Sources */,
				607E5FA91EA46DA300D05213 /* MASLayoutConstraint.m in Sources */,
				60E239901E972F9A001235F2 /* MJRefreshHeader.m in Sources */,
				60E239941E972F9A001235F2 /* MJRefreshBackGifFooter.m in Sources */,
				60E2399D1E972F9A001235F2 /* UIScrollView+MJRefresh.m in Sources */,
				607E5F821EA1028E00D05213 /* DIYHeader.m in Sources */,
				60E239291E9624B1001235F2 /* AppDelegate.m in Sources */,
				60E2398E1E972F9A001235F2 /* MJRefreshComponent.m in Sources */,
				60E239931E972F9A001235F2 /* MJRefreshAutoStateFooter.m in Sources */,
				60E239981E972F9A001235F2 /* MJRefreshNormalHeader.m in Sources */,
				607E5FAE1EA46DA300D05213 /* View+MASAdditions.m in Sources */,
				607E5F8B1EA46CBF00D05213 /* Zample1Controller.m in Sources */,
				607E5FA71EA46DA300D05213 /* MASConstraint.m in Sources */,
				607E5FA81EA46DA300D05213 /* MASConstraintMaker.m in Sources */,
				60E239991E972F9A001235F2 /* MJRefreshStateHeader.m in Sources */,
				607E5F881EA46CA900D05213 /* Zample0Controller.m in Sources */,
				607E5FAB1EA46DA300D05213 /* MASViewConstraint.m in Sources */,
				60E239961E972F9A001235F2 /* MJRefreshBackStateFooter.m in Sources */,
				607E5FAC1EA46DA300D05213 /* NSArray+MASAdditions.m in Sources */,
				60E239911E972F9A001235F2 /* MJRefreshAutoGifFooter.m in Sources */,
				60E2395B1E962B6B001235F2 /* XTDraggableTable.m in Sources */,
				60E239261E9624B1001235F2 /* main.m in Sources */,
			);
			runOnlyForDeploymentPostprocessing = 0;
		};
		60E239361E9624B1001235F2 /* Sources */ = {
			isa = PBXSourcesBuildPhase;
			buildActionMask = 2147483647;
			files = (
				60E2393F1E9624B1001235F2 /* DemoAirCatTests.m in Sources */,
			);
			runOnlyForDeploymentPostprocessing = 0;
		};
		60E239411E9624B1001235F2 /* Sources */ = {
			isa = PBXSourcesBuildPhase;
			buildActionMask = 2147483647;
			files = (
				60E2394A1E9624B1001235F2 /* DemoAirCatUITests.m in Sources */,
			);
			runOnlyForDeploymentPostprocessing = 0;
		};
/* End PBXSourcesBuildPhase section */

/* Begin PBXTargetDependency section */
		60E2393C1E9624B1001235F2 /* PBXTargetDependency */ = {
			isa = PBXTargetDependency;
			target = 60E239201E9624B1001235F2 /* DemoAirCat */;
			targetProxy = 60E2393B1E9624B1001235F2 /* PBXContainerItemProxy */;
		};
		60E239471E9624B1001235F2 /* PBXTargetDependency */ = {
			isa = PBXTargetDependency;
			target = 60E239201E9624B1001235F2 /* DemoAirCat */;
			targetProxy = 60E239461E9624B1001235F2 /* PBXContainerItemProxy */;
		};
/* End PBXTargetDependency section */

/* Begin PBXVariantGroup section */
		60E2392D1E9624B1001235F2 /* Main.storyboard */ = {
			isa = PBXVariantGroup;
			children = (
				60E2392E1E9624B1001235F2 /* Base */,
			);
			name = Main.storyboard;
			sourceTree = "<group>";
		};
		60E239321E9624B1001235F2 /* LaunchScreen.storyboard */ = {
			isa = PBXVariantGroup;
			children = (
				60E239331E9624B1001235F2 /* Base */,
			);
			name = LaunchScreen.storyboard;
			sourceTree = "<group>";
		};
/* End PBXVariantGroup section */

/* Begin XCBuildConfiguration section */
		60E2394C1E9624B1001235F2 /* Debug */ = {
			isa = XCBuildConfiguration;
			buildSettings = {
				ALWAYS_SEARCH_USER_PATHS = NO;
				CLANG_ANALYZER_NONNULL = YES;
				CLANG_CXX_LANGUAGE_STANDARD = "gnu++0x";
				CLANG_CXX_LIBRARY = "libc++";
				CLANG_ENABLE_MODULES = YES;
				CLANG_ENABLE_OBJC_ARC = YES;
				CLANG_WARN_BOOL_CONVERSION = YES;
				CLANG_WARN_CONSTANT_CONVERSION = YES;
				CLANG_WARN_DIRECT_OBJC_ISA_USAGE = YES_ERROR;
				CLANG_WARN_DOCUMENTATION_COMMENTS = YES;
				CLANG_WARN_EMPTY_BODY = YES;
				CLANG_WARN_ENUM_CONVERSION = YES;
				CLANG_WARN_INFINITE_RECURSION = YES;
				CLANG_WARN_INT_CONVERSION = YES;
				CLANG_WARN_OBJC_ROOT_CLASS = YES_ERROR;
				CLANG_WARN_SUSPICIOUS_MOVE = YES;
				CLANG_WARN_UNREACHABLE_CODE = YES;
				CLANG_WARN__DUPLICATE_METHOD_MATCH = YES;
				"CODE_SIGN_IDENTITY[sdk=iphoneos*]" = "iPhone Developer";
				COPY_PHASE_STRIP = NO;
				DEBUG_INFORMATION_FORMAT = dwarf;
				ENABLE_STRICT_OBJC_MSGSEND = YES;
				ENABLE_TESTABILITY = YES;
				GCC_C_LANGUAGE_STANDARD = gnu99;
				GCC_DYNAMIC_NO_PIC = NO;
				GCC_NO_COMMON_BLOCKS = YES;
				GCC_OPTIMIZATION_LEVEL = 0;
				GCC_PREPROCESSOR_DEFINITIONS = (
					"DEBUG=1",
					"$(inherited)",
				);
				GCC_WARN_64_TO_32_BIT_CONVERSION = YES;
				GCC_WARN_ABOUT_RETURN_TYPE = YES_ERROR;
				GCC_WARN_UNDECLARED_SELECTOR = YES;
				GCC_WARN_UNINITIALIZED_AUTOS = YES_AGGRESSIVE;
				GCC_WARN_UNUSED_FUNCTION = YES;
				GCC_WARN_UNUSED_VARIABLE = YES;
				IPHONEOS_DEPLOYMENT_TARGET = 10.2;
				MTL_ENABLE_DEBUG_INFO = YES;
				ONLY_ACTIVE_ARCH = YES;
				SDKROOT = iphoneos;
				TARGETED_DEVICE_FAMILY = "1,2";
			};
			name = Debug;
		};
		60E2394D1E9624B1001235F2 /* Release */ = {
			isa = XCBuildConfiguration;
			buildSettings = {
				ALWAYS_SEARCH_USER_PATHS = NO;
				CLANG_ANALYZER_NONNULL = YES;
				CLANG_CXX_LANGUAGE_STANDARD = "gnu++0x";
				CLANG_CXX_LIBRARY = "libc++";
				CLANG_ENABLE_MODULES = YES;
				CLANG_ENABLE_OBJC_ARC = YES;
				CLANG_WARN_BOOL_CONVERSION = YES;
				CLANG_WARN_CONSTANT_CONVERSION = YES;
				CLANG_WARN_DIRECT_OBJC_ISA_USAGE = YES_ERROR;
				CLANG_WARN_DOCUMENTATION_COMMENTS = YES;
				CLANG_WARN_EMPTY_BODY = YES;
				CLANG_WARN_ENUM_CONVERSION = YES;
				CLANG_WARN_INFINITE_RECURSION = YES;
				CLANG_WARN_INT_CONVERSION = YES;
				CLANG_WARN_OBJC_ROOT_CLASS = YES_ERROR;
				CLANG_WARN_SUSPICIOUS_MOVE = YES;
				CLANG_WARN_UNREACHABLE_CODE = YES;
				CLANG_WARN__DUPLICATE_METHOD_MATCH = YES;
				"CODE_SIGN_IDENTITY[sdk=iphoneos*]" = "iPhone Developer";
				COPY_PHASE_STRIP = NO;
				DEBUG_INFORMATION_FORMAT = "dwarf-with-dsym";
				ENABLE_NS_ASSERTIONS = NO;
				ENABLE_STRICT_OBJC_MSGSEND = YES;
				GCC_C_LANGUAGE_STANDARD = gnu99;
				GCC_NO_COMMON_BLOCKS = YES;
				GCC_WARN_64_TO_32_BIT_CONVERSION = YES;
				GCC_WARN_ABOUT_RETURN_TYPE = YES_ERROR;
				GCC_WARN_UNDECLARED_SELECTOR = YES;
				GCC_WARN_UNINITIALIZED_AUTOS = YES_AGGRESSIVE;
				GCC_WARN_UNUSED_FUNCTION = YES;
				GCC_WARN_UNUSED_VARIABLE = YES;
				IPHONEOS_DEPLOYMENT_TARGET = 10.2;
				MTL_ENABLE_DEBUG_INFO = NO;
				SDKROOT = iphoneos;
				TARGETED_DEVICE_FAMILY = "1,2";
				VALIDATE_PRODUCT = YES;
			};
			name = Release;
		};
		60E2394F1E9624B1001235F2 /* Debug */ = {
			isa = XCBuildConfiguration;
			buildSettings = {
				ASSETCATALOG_COMPILER_APPICON_NAME = AppIcon;
				DEVELOPMENT_TEAM = E3XZ878L8N;
				INFOPLIST_FILE = DemoAirCat/Info.plist;
				LD_RUNPATH_SEARCH_PATHS = "$(inherited) @executable_path/Frameworks";
				PRODUCT_BUNDLE_IDENTIFIER = com.teason.DemoAirCat;
				PRODUCT_NAME = "$(TARGET_NAME)";
			};
			name = Debug;
		};
		60E239501E9624B1001235F2 /* Release */ = {
			isa = XCBuildConfiguration;
			buildSettings = {
				ASSETCATALOG_COMPILER_APPICON_NAME = AppIcon;
				DEVELOPMENT_TEAM = E3XZ878L8N;
				INFOPLIST_FILE = DemoAirCat/Info.plist;
				LD_RUNPATH_SEARCH_PATHS = "$(inherited) @executable_path/Frameworks";
				PRODUCT_BUNDLE_IDENTIFIER = com.teason.DemoAirCat;
				PRODUCT_NAME = "$(TARGET_NAME)";
			};
			name = Release;
		};
		60E239521E9624B1001235F2 /* Debug */ = {
			isa = XCBuildConfiguration;
			buildSettings = {
				BUNDLE_LOADER = "$(TEST_HOST)";
				INFOPLIST_FILE = DemoAirCatTests/Info.plist;
				LD_RUNPATH_SEARCH_PATHS = "$(inherited) @executable_path/Frameworks @loader_path/Frameworks";
				PRODUCT_BUNDLE_IDENTIFIER = com.teason.DemoAirCatTests;
				PRODUCT_NAME = "$(TARGET_NAME)";
				TEST_HOST = "$(BUILT_PRODUCTS_DIR)/DemoAirCat.app/DemoAirCat";
			};
			name = Debug;
		};
		60E239531E9624B1001235F2 /* Release */ = {
			isa = XCBuildConfiguration;
			buildSettings = {
				BUNDLE_LOADER = "$(TEST_HOST)";
				INFOPLIST_FILE = DemoAirCatTests/Info.plist;
				LD_RUNPATH_SEARCH_PATHS = "$(inherited) @executable_path/Frameworks @loader_path/Frameworks";
				PRODUCT_BUNDLE_IDENTIFIER = com.teason.DemoAirCatTests;
				PRODUCT_NAME = "$(TARGET_NAME)";
				TEST_HOST = "$(BUILT_PRODUCTS_DIR)/DemoAirCat.app/DemoAirCat";
			};
			name = Release;
		};
		60E239551E9624B1001235F2 /* Debug */ = {
			isa = XCBuildConfiguration;
			buildSettings = {
				INFOPLIST_FILE = DemoAirCatUITests/Info.plist;
				LD_RUNPATH_SEARCH_PATHS = "$(inherited) @executable_path/Frameworks @loader_path/Frameworks";
				PRODUCT_BUNDLE_IDENTIFIER = com.teason.DemoAirCatUITests;
				PRODUCT_NAME = "$(TARGET_NAME)";
				TEST_TARGET_NAME = DemoAirCat;
			};
			name = Debug;
		};
		60E239561E9624B1001235F2 /* Release */ = {
			isa = XCBuildConfiguration;
			buildSettings = {
				INFOPLIST_FILE = DemoAirCatUITests/Info.plist;
				LD_RUNPATH_SEARCH_PATHS = "$(inherited) @executable_path/Frameworks @loader_path/Frameworks";
				PRODUCT_BUNDLE_IDENTIFIER = com.teason.DemoAirCatUITests;
				PRODUCT_NAME = "$(TARGET_NAME)";
				TEST_TARGET_NAME = DemoAirCat;
			};
			name = Release;
		};
/* End XCBuildConfiguration section */

/* Begin XCConfigurationList section */
		60E2391C1E9624B1001235F2 /* Build configuration list for PBXProject "DemoAirCat" */ = {
			isa = XCConfigurationList;
			buildConfigurations = (
				60E2394C1E9624B1001235F2 /* Debug */,
				60E2394D1E9624B1001235F2 /* Release */,
			);
			defaultConfigurationIsVisible = 0;
			defaultConfigurationName = Release;
		};
		60E2394E1E9624B1001235F2 /* Build configuration list for PBXNativeTarget "DemoAirCat" */ = {
			isa = XCConfigurationList;
			buildConfigurations = (
				60E2394F1E9624B1001235F2 /* Debug */,
				60E239501E9624B1001235F2 /* Release */,
			);
			defaultConfigurationIsVisible = 0;
			defaultConfigurationName = Release;
		};
		60E239511E9624B1001235F2 /* Build configuration list for PBXNativeTarget "DemoAirCatTests" */ = {
			isa = XCConfigurationList;
			buildConfigurations = (
				60E239521E9624B1001235F2 /* Debug */,
				60E239531E9624B1001235F2 /* Release */,
			);
			defaultConfigurationIsVisible = 0;
			defaultConfigurationName = Release;
		};
		60E239541E9624B1001235F2 /* Build configuration list for PBXNativeTarget "DemoAirCatUITests" */ = {
			isa = XCConfigurationList;
			buildConfigurations = (
				60E239551E9624B1001235F2 /* Debug */,
				60E239561E9624B1001235F2 /* Release */,
			);
			defaultConfigurationIsVisible = 0;
			defaultConfigurationName = Release;
		};
/* End XCConfigurationList section */
	};
	rootObject = 60E239191E9624B1001235F2 /* Project object */;
}
